<?xml version="1.0" encoding="utf-8"?>
<Project ToolsVersion="4.0" xmlns="http://schemas.microsoft.com/developer/msbuild/2003">
  <ItemGroup>
    <Filter Include="win32">
      <UniqueIdentifier>{84a8ebd7-7cf0-47f6-b75e-d441df67da40}</UniqueIdentifier>
    </Filter>
    <Filter Include="resource">
      <UniqueIdentifier>{715254bc-d70b-4ec5-bf29-467dd3ace079}</UniqueIdentifier>
    </Filter>
    <Filter Include="src">
      <UniqueIdentifier>{bb6c862e-70e9-49d9-81b7-3829a6f50471}</UniqueIdentifier>
    </Filter>
    <Filter Include="src\Game">
      <UniqueIdentifier>{ece08368-9623-46fb-b18e-417d15026af7}</UniqueIdentifier>
    </Filter>
    <Filter Include="src\Game\Objects">
      <UniqueIdentifier>{7f800eb5-b22e-45ca-8842-ad59f47f49ac}</UniqueIdentifier>
    </Filter>
    <Filter Include="src\Game\Scenes">
      <UniqueIdentifier>{499bed66-fa20-438d-9d91-321366f4f5a4}</UniqueIdentifier>
    </Filter>
    <Filter Include="src\Game\Scenes\Menu">
      <UniqueIdentifier>{ab80acde-7e6c-48ed-bce0-f8734f4ec246}</UniqueIdentifier>
    </Filter>
    <Filter Include="src\Game\Scenes\Game">
      <UniqueIdentifier>{36773277-8a11-4fc8-8f0c-3a3bf948ded1}</UniqueIdentifier>
    </Filter>
    <Filter Include="src\Game\Objects\Common">
      <UniqueIdentifier>{fbd3c6b0-6478-4f38-91a7-0f1820ac54b4}</UniqueIdentifier>
    </Filter>
    <Filter Include="src\Game\Objects\Common\Interactable">
      <UniqueIdentifier>{13fc459b-6610-4ace-a3f8-340e7edc15ef}</UniqueIdentifier>
    </Filter>
  </ItemGroup>
  <ItemGroup>
    <ClCompile Include="main.cpp">
      <Filter>win32</Filter>
    </ClCompile>
    <ClCompile Include="..\Classes\src\Game\Scenes\Menu\MainMenuScene.cpp">
      <Filter>src\Game\Scenes\Menu</Filter>
    </ClCompile>
    <ClCompile Include="..\Classes\src\Game\Scenes\Game\MainGameScene.cpp">
      <Filter>src\Game\Scenes\Game</Filter>
    </ClCompile>
    <ClCompile Include="..\Classes\src\Game\Objects\OrangeFish.cpp">
      <Filter>src\Game\Objects</Filter>
    </ClCompile>
    <ClCompile Include="..\Classes\src\Game\Objects\Bubble.cpp">
      <Filter>src\Game\Objects</Filter>
    </ClCompile>
    <ClCompile Include="..\Classes\src\Game\Objects\BadFish.cpp">
      <Filter>src\Game\Objects</Filter>
    </ClCompile>
    <ClCompile Include="..\Classes\src\Game\Objects\SimpleFish.cpp">
      <Filter>src\Game\Objects</Filter>
    </ClCompile>
    <ClCompile Include="..\Classes\src\Game\Objects\Common\Intersectable\SimpleCocosRectIntersectableObject.cpp">
      <Filter>src\Game\Objects\Common\Interactable</Filter>
    </ClCompile>
    <ClCompile Include="..\Classes\AppDelegate.cpp">
      <Filter>src</Filter>
    </ClCompile>
  </ItemGroup>
  <ItemGroup>
    <ClInclude Include="main.h">
      <Filter>win32</Filter>
    </ClInclude>
    <ClInclude Include="..\Classes\AppDelegate.h">
      <Filter>src</Filter>
    </ClInclude>
    <ClInclude Include="..\Classes\src\Game\Scenes\Menu\MainMenuScene.h">
      <Filter>src\Game\Scenes\Menu</Filter>
    </ClInclude>
    <ClInclude Include="..\Classes\src\Game\Scenes\Game\MainGameScene.h">
      <Filter>src\Game\Scenes\Game</Filter>
    </ClInclude>
    <ClInclude Include="..\Classes\src\Game\Objects\Bubble.h">
      <Filter>src\Game\Objects</Filter>
    </ClInclude>
    <ClInclude Include="..\Classes\src\Game\Objects\OrangeFish.h">
      <Filter>src\Game\Objects</Filter>
    </ClInclude>
    <ClInclude Include="..\Classes\src\Game\Objects\BadFish.h">
      <Filter>src\Game\Objects</Filter>
    </ClInclude>
    <ClInclude Include="..\Classes\src\Game\Objects\SimpleFish.h">
      <Filter>src\Game\Objects</Filter>
    </ClInclude>
    <ClInclude Include="..\Classes\src\Game\Objects\Common\Intersectable\InteractableObjects.h">
      <Filter>src\Game\Objects\Common\Interactable</Filter>
    </ClInclude>
    <ClInclude Include="..\Classes\src\Game\Objects\Common\Intersectable\SimpleCocosRectIntersectableObject.h">
      <Filter>src\Game\Objects\Common\Interactable</Filter>
    </ClInclude>
  </ItemGroup>
  <ItemGroup>
    <ResourceCompile Include="game.rc">
      <Filter>resource</Filter>
    </ResourceCompile>
  </ItemGroup>
</Project>